
Microsoft Visual Studio Solution File, Format Version 12.00
# Visual Studio 15
VisualStudioVersion = 15.0.27004.2002
MinimumVisualStudioVersion = 10.0.40219.1
Project("{FAE04EC0-301F-11D3-BF4B-00C04F79EFBC}") = "FDA.ExplodeText", "FDA.ExplodeText.csproj", "{53338E53-7338-40FC-9EA1-C50090152193}"
EndProject
Project("{FAE04EC0-301F-11D3-BF4B-00C04F79EFBC}") = "main", "..\FDA.Arx\main.csproj", "{23A04F9B-D385-4718-A73B-5D4E56BBB7A3}"
EndProject
Global
	GlobalSection(SolutionConfigurationPlatforms) = preSolution
		Debug|Any CPU = Debug|Any CPU
		Release|Any CPU = Release|Any CPU
	EndGlobalSection
	GlobalSection(ProjectConfigurationPlatforms) = postSolution
		{53338E53-7338-40FC-9EA1-C50090152193}.Debug|Any CPU.ActiveCfg = Debug|Any CPU
		{53338E53-7338-40FC-9EA1-C50090152193}.Debug|Any CPU.Build.0 = Debug|Any CPU
		{53338E53-7338-40FC-9EA1-C50090152193}.Release|Any CPU.ActiveCfg = Release|Any CPU
		{53338E53-7338-40FC-9EA1-C50090152193}.Release|Any CPU.Build.0 = Release|Any CPU
		{23A04F9B-D385-4718-A73B-5D4E56BBB7A3}.Debug|Any CPU.ActiveCfg = Debug|Any CPU
		{23A04F9B-D385-4718-A73B-5D4E56BBB7A3}.Debug|Any CPU.Build.0 = Debug|Any CPU
		{23A04F9B-D385-4718-A73B-5D4E56BBB7A3}.Release|Any CPU.ActiveCfg = Release|Any CPU
		{23A04F9B-D385-4718-A73B-5D4E56BBB7A3}.Release|Any CPU.Build.0 = Release|Any CPU
	EndGlobalSection
	GlobalSection(SolutionProperties) = preSolution
		HideSolutionNode = FALSE
	EndGlobalSection
	GlobalSection(ExtensibilityGlobals) = postSolution
		SolutionGuid = {830DF3FF-AB26-4FB4-9493-25F28941E8FD}
	EndGlobalSection
EndGlobal
